
Microsoft Visual Studio Solution File, Format Version 12.00
# Visual Studio Version 17
VisualStudioVersion = 17.10.35013.160
MinimumVisualStudioVersion = 10.0.40219.1
Project("{FAE04EC0-301F-11D3-BF4B-00C04F79EFBC}") = "CarRental.Api", "CarRental.Api\CarRental.Api.csproj", "{EDEA27B9-B06A-4436-AC95-0B434FC98158}"
EndProject
Project("{FAE04EC0-301F-11D3-BF4B-00C04F79EFBC}") = "CarRental.BLL", "CarRental.BLL\CarRental.BLL.csproj", "{73386E9C-9928-4060-8642-E698267DF005}"
EndProject
Project("{FAE04EC0-301F-11D3-BF4B-00C04F79EFBC}") = "CarRental.DAL", "CarRental.DAL\CarRental.DAL.csproj", "{2D83B7B1-2971-435B-B8FE-5D50048EBB8B}"
EndProject
Project("{FAE04EC0-301F-11D3-BF4B-00C04F79EFBC}") = "CarRental.DAL.Common", "CarRental.DAL.Common\CarRental.DAL.Common.csproj", "{0CCAAC17-C46E-498E-AE67-CE65C0A970E7}"
EndProject
Global
	GlobalSection(SolutionConfigurationPlatforms) = preSolution
		Debug|Any CPU = Debug|Any CPU
		Release|Any CPU = Release|Any CPU
	EndGlobalSection
	GlobalSection(ProjectConfigurationPlatforms) = postSolution
		{EDEA27B9-B06A-4436-AC95-0B434FC98158}.Debug|Any CPU.ActiveCfg = Debug|Any CPU
		{EDEA27B9-B06A-4436-AC95-0B434FC98158}.Debug|Any CPU.Build.0 = Debug|Any CPU
		{EDEA27B9-B06A-4436-AC95-0B434FC98158}.Release|Any CPU.ActiveCfg = Release|Any CPU
		{EDEA27B9-B06A-4436-AC95-0B434FC98158}.Release|Any CPU.Build.0 = Release|Any CPU
		{73386E9C-9928-4060-8642-E698267DF005}.Debug|Any CPU.ActiveCfg = Debug|Any CPU
		{73386E9C-9928-4060-8642-E698267DF005}.Debug|Any CPU.Build.0 = Debug|Any CPU
		{73386E9C-9928-4060-8642-E698267DF005}.Release|Any CPU.ActiveCfg = Release|Any CPU
		{73386E9C-9928-4060-8642-E698267DF005}.Release|Any CPU.Build.0 = Release|Any CPU
		{2D83B7B1-2971-435B-B8FE-5D50048EBB8B}.Debug|Any CPU.ActiveCfg = Debug|Any CPU
		{2D83B7B1-2971-435B-B8FE-5D50048EBB8B}.Debug|Any CPU.Build.0 = Debug|Any CPU
		{2D83B7B1-2971-435B-B8FE-5D50048EBB8B}.Release|Any CPU.ActiveCfg = Release|Any CPU
		{2D83B7B1-2971-435B-B8FE-5D50048EBB8B}.Release|Any CPU.Build.0 = Release|Any CPU
		{0CCAAC17-C46E-498E-AE67-CE65C0A970E7}.Debug|Any CPU.ActiveCfg = Debug|Any CPU
		{0CCAAC17-C46E-498E-AE67-CE65C0A970E7}.Debug|Any CPU.Build.0 = Debug|Any CPU
		{0CCAAC17-C46E-498E-AE67-CE65C0A970E7}.Release|Any CPU.ActiveCfg = Release|Any CPU
		{0CCAAC17-C46E-498E-AE67-CE65C0A970E7}.Release|Any CPU.Build.0 = Release|Any CPU
	EndGlobalSection
	GlobalSection(SolutionProperties) = preSolution
		HideSolutionNode = FALSE
	EndGlobalSection
	GlobalSection(ExtensibilityGlobals) = postSolution
		SolutionGuid = {38FF9C76-D40E-4F68-A20C-2C8BA9ABD4A0}
	EndGlobalSection
EndGlobal
