
Microsoft Visual Studio Solution File, Format Version 12.00
# Visual Studio Version 17
VisualStudioVersion = 17.10.35013.160
MinimumVisualStudioVersion = 10.0.40219.1
Project("{9A19103F-16F7-4668-BE54-9A1E7A4F7556}") = "CarRental.Api", "CarRental.Api\CarRental.Api.csproj", "{EDEA27B9-B06A-4436-AC95-0B434FC98158}"
EndProject
Project("{2150E333-8FDC-42A3-9474-1A3956D46DE8}") = "Rental", "Rental", "{E4EE2A01-BBB8-409D-902A-4C3DA12EE565}"
EndProject
Project("{9A19103F-16F7-4668-BE54-9A1E7A4F7556}") = "CarRental.BLL", "Rental\CarRental.BLL\CarRental.BLL.csproj", "{73386E9C-9928-4060-8642-E698267DF005}"
EndProject
Project("{9A19103F-16F7-4668-BE54-9A1E7A4F7556}") = "CarRental.DAL", "Rental\CarRental.DAL\CarRental.DAL.csproj", "{2D83B7B1-2971-435B-B8FE-5D50048EBB8B}"
EndProject
Project("{9A19103F-16F7-4668-BE54-9A1E7A4F7556}") = "CarRental.DAL.Common", "CarRental.DAL.Common\CarRental.DAL.Common.csproj", "{0CCAAC17-C46E-498E-AE67-CE65C0A970E7}"
EndProject
Project("{2150E333-8FDC-42A3-9474-1A3956D46DE8}") = "Auth", "Auth", "{67BE5A22-4DEA-4708-9080-5887213D373B}"
EndProject
Project("{9A19103F-16F7-4668-BE54-9A1E7A4F7556}") = "CarRental.Auth.BLL", "Auth\CarRental.Auth.BLL\CarRental.Auth.BLL.csproj", "{9B784B32-C787-4DF7-A2DD-C048F3F8E549}"
EndProject
Project("{9A19103F-16F7-4668-BE54-9A1E7A4F7556}") = "CarRental.Auth.DAL", "Auth\CarRental.Auth.DAL\CarRental.Auth.DAL.csproj", "{942AFCA0-C5DF-40AA-8A78-D3ECB895C327}"
EndProject
Project("{9A19103F-16F7-4668-BE54-9A1E7A4F7556}") = "CarRental.Shared", "Api.Bootstrapping\CarRental.Shared.csproj", "{E67F2FA0-8558-413A-A5DB-D55FF207C846}"
EndProject
Project("{2150E333-8FDC-42A3-9474-1A3956D46DE8}") = "Support", "Support", "{2FE66A79-FFDE-4DCB-8382-DC36024BAD76}"
EndProject
Project("{9A19103F-16F7-4668-BE54-9A1E7A4F7556}") = "CarRental.Support.Email", "Support\CarRental.Support.Email\CarRental.Support.Email.csproj", "{058D6497-666E-43A3-9800-8A04989C9C45}"
EndProject
Project("{9A19103F-16F7-4668-BE54-9A1E7A4F7556}") = "CarRental.Support.Chat", "Support\CarRental.Support.Chat\CarRental.Support.Chat.csproj", "{CA717F73-45D5-4C10-963E-8C43B9E3EFD1}"
EndProject
Project("{E24C65DC-7377-472B-9ABA-BC803B73C61A}") = "CarRental.UI", "CarRental.UI\", "{48EF1D48-6135-4F1D-9375-99B87433B3E9}"
	ProjectSection(WebsiteProperties) = preProject
		TargetFrameworkMoniker = ".NETFramework,Version%3Dv4.0"
		Debug.AspNetCompiler.VirtualPath = "/localhost_53359"
		Debug.AspNetCompiler.PhysicalPath = "CarRental.UI\"
		Debug.AspNetCompiler.TargetPath = "PrecompiledWeb\localhost_53359\"
		Debug.AspNetCompiler.Updateable = "true"
		Debug.AspNetCompiler.ForceOverwrite = "true"
		Debug.AspNetCompiler.FixedNames = "false"
		Debug.AspNetCompiler.Debug = "True"
		Release.AspNetCompiler.VirtualPath = "/localhost_53359"
		Release.AspNetCompiler.PhysicalPath = "CarRental.UI\"
		Release.AspNetCompiler.TargetPath = "PrecompiledWeb\localhost_53359\"
		Release.AspNetCompiler.Updateable = "true"
		Release.AspNetCompiler.ForceOverwrite = "true"
		Release.AspNetCompiler.FixedNames = "false"
		Release.AspNetCompiler.Debug = "False"
		VWDPort = "53359"
		SlnRelativePath = "CarRental.UI\"
	EndProjectSection
EndProject
Global
	GlobalSection(SolutionConfigurationPlatforms) = preSolution
		Debug|Any CPU = Debug|Any CPU
		Release|Any CPU = Release|Any CPU
	EndGlobalSection
	GlobalSection(ProjectConfigurationPlatforms) = postSolution
		{EDEA27B9-B06A-4436-AC95-0B434FC98158}.Debug|Any CPU.ActiveCfg = Debug|Any CPU
		{EDEA27B9-B06A-4436-AC95-0B434FC98158}.Debug|Any CPU.Build.0 = Debug|Any CPU
		{EDEA27B9-B06A-4436-AC95-0B434FC98158}.Release|Any CPU.ActiveCfg = Release|Any CPU
		{EDEA27B9-B06A-4436-AC95-0B434FC98158}.Release|Any CPU.Build.0 = Release|Any CPU
		{73386E9C-9928-4060-8642-E698267DF005}.Debug|Any CPU.ActiveCfg = Debug|Any CPU
		{73386E9C-9928-4060-8642-E698267DF005}.Debug|Any CPU.Build.0 = Debug|Any CPU
		{73386E9C-9928-4060-8642-E698267DF005}.Release|Any CPU.ActiveCfg = Release|Any CPU
		{73386E9C-9928-4060-8642-E698267DF005}.Release|Any CPU.Build.0 = Release|Any CPU
		{2D83B7B1-2971-435B-B8FE-5D50048EBB8B}.Debug|Any CPU.ActiveCfg = Debug|Any CPU
		{2D83B7B1-2971-435B-B8FE-5D50048EBB8B}.Debug|Any CPU.Build.0 = Debug|Any CPU
		{2D83B7B1-2971-435B-B8FE-5D50048EBB8B}.Release|Any CPU.ActiveCfg = Release|Any CPU
		{2D83B7B1-2971-435B-B8FE-5D50048EBB8B}.Release|Any CPU.Build.0 = Release|Any CPU
		{0CCAAC17-C46E-498E-AE67-CE65C0A970E7}.Debug|Any CPU.ActiveCfg = Debug|Any CPU
		{0CCAAC17-C46E-498E-AE67-CE65C0A970E7}.Debug|Any CPU.Build.0 = Debug|Any CPU
		{0CCAAC17-C46E-498E-AE67-CE65C0A970E7}.Release|Any CPU.ActiveCfg = Release|Any CPU
		{0CCAAC17-C46E-498E-AE67-CE65C0A970E7}.Release|Any CPU.Build.0 = Release|Any CPU
		{9B784B32-C787-4DF7-A2DD-C048F3F8E549}.Debug|Any CPU.ActiveCfg = Debug|Any CPU
		{9B784B32-C787-4DF7-A2DD-C048F3F8E549}.Debug|Any CPU.Build.0 = Debug|Any CPU
		{9B784B32-C787-4DF7-A2DD-C048F3F8E549}.Release|Any CPU.ActiveCfg = Release|Any CPU
		{9B784B32-C787-4DF7-A2DD-C048F3F8E549}.Release|Any CPU.Build.0 = Release|Any CPU
		{942AFCA0-C5DF-40AA-8A78-D3ECB895C327}.Debug|Any CPU.ActiveCfg = Debug|Any CPU
		{942AFCA0-C5DF-40AA-8A78-D3ECB895C327}.Debug|Any CPU.Build.0 = Debug|Any CPU
		{942AFCA0-C5DF-40AA-8A78-D3ECB895C327}.Release|Any CPU.ActiveCfg = Release|Any CPU
		{942AFCA0-C5DF-40AA-8A78-D3ECB895C327}.Release|Any CPU.Build.0 = Release|Any CPU
		{E67F2FA0-8558-413A-A5DB-D55FF207C846}.Debug|Any CPU.ActiveCfg = Debug|Any CPU
		{E67F2FA0-8558-413A-A5DB-D55FF207C846}.Debug|Any CPU.Build.0 = Debug|Any CPU
		{E67F2FA0-8558-413A-A5DB-D55FF207C846}.Release|Any CPU.ActiveCfg = Release|Any CPU
		{E67F2FA0-8558-413A-A5DB-D55FF207C846}.Release|Any CPU.Build.0 = Release|Any CPU
		{058D6497-666E-43A3-9800-8A04989C9C45}.Debug|Any CPU.ActiveCfg = Debug|Any CPU
		{058D6497-666E-43A3-9800-8A04989C9C45}.Debug|Any CPU.Build.0 = Debug|Any CPU
		{058D6497-666E-43A3-9800-8A04989C9C45}.Release|Any CPU.ActiveCfg = Release|Any CPU
		{058D6497-666E-43A3-9800-8A04989C9C45}.Release|Any CPU.Build.0 = Release|Any CPU
		{CA717F73-45D5-4C10-963E-8C43B9E3EFD1}.Debug|Any CPU.ActiveCfg = Debug|Any CPU
		{CA717F73-45D5-4C10-963E-8C43B9E3EFD1}.Debug|Any CPU.Build.0 = Debug|Any CPU
		{CA717F73-45D5-4C10-963E-8C43B9E3EFD1}.Release|Any CPU.ActiveCfg = Release|Any CPU
		{CA717F73-45D5-4C10-963E-8C43B9E3EFD1}.Release|Any CPU.Build.0 = Release|Any CPU
		{48EF1D48-6135-4F1D-9375-99B87433B3E9}.Debug|Any CPU.ActiveCfg = Debug|Any CPU
		{48EF1D48-6135-4F1D-9375-99B87433B3E9}.Debug|Any CPU.Build.0 = Debug|Any CPU
		{48EF1D48-6135-4F1D-9375-99B87433B3E9}.Release|Any CPU.ActiveCfg = Debug|Any CPU
		{48EF1D48-6135-4F1D-9375-99B87433B3E9}.Release|Any CPU.Build.0 = Debug|Any CPU
	EndGlobalSection
	GlobalSection(SolutionProperties) = preSolution
		HideSolutionNode = FALSE
	EndGlobalSection
	GlobalSection(NestedProjects) = preSolution
		{73386E9C-9928-4060-8642-E698267DF005} = {E4EE2A01-BBB8-409D-902A-4C3DA12EE565}
		{2D83B7B1-2971-435B-B8FE-5D50048EBB8B} = {E4EE2A01-BBB8-409D-902A-4C3DA12EE565}
		{9B784B32-C787-4DF7-A2DD-C048F3F8E549} = {67BE5A22-4DEA-4708-9080-5887213D373B}
		{942AFCA0-C5DF-40AA-8A78-D3ECB895C327} = {67BE5A22-4DEA-4708-9080-5887213D373B}
		{058D6497-666E-43A3-9800-8A04989C9C45} = {2FE66A79-FFDE-4DCB-8382-DC36024BAD76}
		{CA717F73-45D5-4C10-963E-8C43B9E3EFD1} = {2FE66A79-FFDE-4DCB-8382-DC36024BAD76}
	EndGlobalSection
	GlobalSection(ExtensibilityGlobals) = postSolution
		SolutionGuid = {38FF9C76-D40E-4F68-A20C-2C8BA9ABD4A0}
	EndGlobalSection
EndGlobal
